
Microsoft Visual Studio Solution File, Format Version 12.00
# Visual Studio Version 17
VisualStudioVersion = 17.10.34916.146
MinimumVisualStudioVersion = 10.0.40219.1
Project("{8BC9CEB8-8B4A-11D0-8D11-00A0C91BC942}") = "opengl", "opengl.vcxproj", "{A3EEF971-97ED-431E-BCB8-39C95CDD8D15}"
EndProject
Global
	GlobalSection(SolutionConfigurationPlatforms) = preSolution
		Debug|x64 = Debug|x64
		Release|x64 = Release|x64
	EndGlobalSection
	GlobalSection(ProjectConfigurationPlatforms) = postSolution
		{A3EEF971-97ED-431E-BCB8-39C95CDD8D15}.Debug|x64.ActiveCfg = Debug|x64
		{A3EEF971-97ED-431E-BCB8-39C95CDD8D15}.Debug|x64.Build.0 = Debug|x64
		{A3EEF971-97ED-431E-BCB8-39C95CDD8D15}.Release|x64.ActiveCfg = Release|x64
		{A3EEF971-97ED-431E-BCB8-39C95CDD8D15}.Release|x64.Build.0 = Release|x64
	EndGlobalSection
	GlobalSection(SolutionProperties) = preSolution
		HideSolutionNode = FALSE
	EndGlobalSection
	GlobalSection(ExtensibilityGlobals) = postSolution
		SolutionGuid = {693B17DA-C605-4485-B446-5C085A81A574}
	EndGlobalSection
EndGlobal
